// !$*UTF8*$!
{
	archiveVersion = 1;
	classes = {
	};
	objectVersion = 50;
	objects = {

/* Begin PBXBuildFile section */
		091395FE226F3ECE00F52D06 /* WGLUploadProvider.m in Sources */ = {isa = PBXBuildFile; fileRef = 091395FD226F3ECE00F52D06 /* WGLUploadProvider.m */; };
		091395FF226F3ECE00F52D06 /* WGLUploadProvider.h in CopyFiles */ = {isa = PBXBuildFile; fileRef = 091395FC226F3ECE00F52D06 /* WGLUploadProvider.h */; };
		091396092270140900F52D06 /* WGLUploader.m in Sources */ = {isa = PBXBuildFile; fileRef = 091396082270140900F52D06 /* WGLUploader.m */; };
		0913960D2270160B00F52D06 /* WGLFileStreamOperation.m in Sources */ = {isa = PBXBuildFile; fileRef = 0913960C2270160B00F52D06 /* WGLFileStreamOperation.m */; };
		091396102270166200F52D06 /* WGLStreamFragment.m in Sources */ = {isa = PBXBuildFile; fileRef = 0913960F2270166200F52D06 /* WGLStreamFragment.m */; };
		0913961A22706BDB00F52D06 /* WGLUploadUtils.m in Sources */ = {isa = PBXBuildFile; fileRef = 0913961822706BDB00F52D06 /* WGLUploadUtils.m */; };
		0913961E22706EEA00F52D06 /* WGLUploadTask.m in Sources */ = {isa = PBXBuildFile; fileRef = 0913961D22706EEA00F52D06 /* WGLUploadTask.m */; };
		355F3673B41782482B113236 /* libPods-WGLUploadProvider.a in Frameworks */ = {isa = PBXBuildFile; fileRef = 2C2AE0922889E6658141DB9F /* libPods-WGLUploadProvider.a */; };
/* End PBXBuildFile section */

/* Begin PBXCopyFilesBuildPhase section */
		091395F7226F3ECE00F52D06 /* CopyFiles */ = {
			isa = PBXCopyFilesBuildPhase;
			buildActionMask = 2147483647;
			dstPath = "include/$(PRODUCT_NAME)";
			dstSubfolderSpec = 16;
			files = (
				091395FF226F3ECE00F52D06 /* WGLUploadProvider.h in CopyFiles */,
			);
			runOnlyForDeploymentPostprocessing = 0;
		};
/* End PBXCopyFilesBuildPhase section */

/* Begin PBXFileReference section */
		091395F9226F3ECE00F52D06 /* libWGLUploadProvider.a */ = {isa = PBXFileReference; explicitFileType = archive.ar; includeInIndex = 0; path = libWGLUploadProvider.a; sourceTree = BUILT_PRODUCTS_DIR; };
		091395FC226F3ECE00F52D06 /* WGLUploadProvider.h */ = {isa = PBXFileReference; lastKnownFileType = sourcecode.c.h; path = WGLUploadProvider.h; sourceTree = "<group>"; };
		091395FD226F3ECE00F52D06 /* WGLUploadProvider.m */ = {isa = PBXFileReference; lastKnownFileType = sourcecode.c.objc; path = WGLUploadProvider.m; sourceTree = "<group>"; };
		091396072270140900F52D06 /* WGLUploader.h */ = {isa = PBXFileReference; lastKnownFileType = sourcecode.c.h; path = WGLUploader.h; sourceTree = "<group>"; };
		091396082270140900F52D06 /* WGLUploader.m */ = {isa = PBXFileReference; lastKnownFileType = sourcecode.c.objc; path = WGLUploader.m; sourceTree = "<group>"; };
		0913960B2270160B00F52D06 /* WGLFileStreamOperation.h */ = {isa = PBXFileReference; lastKnownFileType = sourcecode.c.h; path = WGLFileStreamOperation.h; sourceTree = "<group>"; };
		0913960C2270160B00F52D06 /* WGLFileStreamOperation.m */ = {isa = PBXFileReference; lastKnownFileType = sourcecode.c.objc; path = WGLFileStreamOperation.m; sourceTree = "<group>"; };
		0913960E2270166200F52D06 /* WGLStreamFragment.h */ = {isa = PBXFileReference; lastKnownFileType = sourcecode.c.h; path = WGLStreamFragment.h; sourceTree = "<group>"; };
		0913960F2270166200F52D06 /* WGLStreamFragment.m */ = {isa = PBXFileReference; lastKnownFileType = sourcecode.c.objc; path = WGLStreamFragment.m; sourceTree = "<group>"; };
		0913961722706BDB00F52D06 /* WGLUploadUtils.h */ = {isa = PBXFileReference; fileEncoding = 4; lastKnownFileType = sourcecode.c.h; path = WGLUploadUtils.h; sourceTree = "<group>"; };
		0913961822706BDB00F52D06 /* WGLUploadUtils.m */ = {isa = PBXFileReference; fileEncoding = 4; lastKnownFileType = sourcecode.c.objc; path = WGLUploadUtils.m; sourceTree = "<group>"; };
		0913961922706BDB00F52D06 /* WGLUploadHead.h */ = {isa = PBXFileReference; fileEncoding = 4; lastKnownFileType = sourcecode.c.h; path = WGLUploadHead.h; sourceTree = "<group>"; };
		0913961C22706EEA00F52D06 /* WGLUploadTask.h */ = {isa = PBXFileReference; lastKnownFileType = sourcecode.c.h; path = WGLUploadTask.h; sourceTree = "<group>"; };
		0913961D22706EEA00F52D06 /* WGLUploadTask.m */ = {isa = PBXFileReference; lastKnownFileType = sourcecode.c.objc; path = WGLUploadTask.m; sourceTree = "<group>"; };
		1FD71F99D1F20066B1E60F8F /* Pods-WGLUploadProvider.debug.xcconfig */ = {isa = PBXFileReference; includeInIndex = 1; lastKnownFileType = text.xcconfig; name = "Pods-WGLUploadProvider.debug.xcconfig"; path = "Target Support Files/Pods-WGLUploadProvider/Pods-WGLUploadProvider.debug.xcconfig"; sourceTree = "<group>"; };
		2C2AE0922889E6658141DB9F /* libPods-WGLUploadProvider.a */ = {isa = PBXFileReference; explicitFileType = archive.ar; includeInIndex = 0; path = "libPods-WGLUploadProvider.a"; sourceTree = BUILT_PRODUCTS_DIR; };
		8908F34051A321712F09F07B /* Pods-WGLUploadProvider.release.xcconfig */ = {isa = PBXFileReference; includeInIndex = 1; lastKnownFileType = text.xcconfig; name = "Pods-WGLUploadProvider.release.xcconfig"; path = "Target Support Files/Pods-WGLUploadProvider/Pods-WGLUploadProvider.release.xcconfig"; sourceTree = "<group>"; };
/* End PBXFileReference section */

/* Begin PBXFrameworksBuildPhase section */
		091395F6226F3ECE00F52D06 /* Frameworks */ = {
			isa = PBXFrameworksBuildPhase;
			buildActionMask = 2147483647;
			files = (
				355F3673B41782482B113236 /* libPods-WGLUploadProvider.a in Frameworks */,
			);
			runOnlyForDeploymentPostprocessing = 0;
		};
/* End PBXFrameworksBuildPhase section */

/* Begin PBXGroup section */
		091395F0226F3ECE00F52D06 = {
			isa = PBXGroup;
			children = (
				091395FB226F3ECE00F52D06 /* WGLUploadProvider */,
				091395FA226F3ECE00F52D06 /* Products */,
				8B27E434EE282EE3C762D9BC /* Pods */,
				80C7779EE5D6017D11205E3E /* Frameworks */,
			);
			sourceTree = "<group>";
		};
		091395FA226F3ECE00F52D06 /* Products */ = {
			isa = PBXGroup;
			children = (
				091395F9226F3ECE00F52D06 /* libWGLUploadProvider.a */,
			);
			name = Products;
			sourceTree = "<group>";
		};
		091395FB226F3ECE00F52D06 /* WGLUploadProvider */ = {
			isa = PBXGroup;
			children = (
				091395FC226F3ECE00F52D06 /* WGLUploadProvider.h */,
				091395FD226F3ECE00F52D06 /* WGLUploadProvider.m */,
				0913961B22706ED800F52D06 /* Task */,
				0913960A227015F600F52D06 /* FileStreamOperation */,
				09139606227013C900F52D06 /* Uploader */,
				0913961622706BDB00F52D06 /* Utils */,
			);
			path = WGLUploadProvider;
			sourceTree = "<group>";
		};
		09139606227013C900F52D06 /* Uploader */ = {
			isa = PBXGroup;
			children = (
				091396072270140900F52D06 /* WGLUploader.h */,
				091396082270140900F52D06 /* WGLUploader.m */,
			);
			path = Uploader;
			sourceTree = "<group>";
		};
		0913960A227015F600F52D06 /* FileStreamOperation */ = {
			isa = PBXGroup;
			children = (
				0913960B2270160B00F52D06 /* WGLFileStreamOperation.h */,
				0913960C2270160B00F52D06 /* WGLFileStreamOperation.m */,
				0913960E2270166200F52D06 /* WGLStreamFragment.h */,
				0913960F2270166200F52D06 /* WGLStreamFragment.m */,
			);
			path = FileStreamOperation;
			sourceTree = "<group>";
		};
		0913961622706BDB00F52D06 /* Utils */ = {
			isa = PBXGroup;
			children = (
				0913961722706BDB00F52D06 /* WGLUploadUtils.h */,
				0913961822706BDB00F52D06 /* WGLUploadUtils.m */,
				0913961922706BDB00F52D06 /* WGLUploadHead.h */,
			);
			path = Utils;
			sourceTree = "<group>";
		};
		0913961B22706ED800F52D06 /* Task */ = {
			isa = PBXGroup;
			children = (
				0913961C22706EEA00F52D06 /* WGLUploadTask.h */,
				0913961D22706EEA00F52D06 /* WGLUploadTask.m */,
			);
			path = Task;
			sourceTree = "<group>";
		};
		80C7779EE5D6017D11205E3E /* Frameworks */ = {
			isa = PBXGroup;
			children = (
				2C2AE0922889E6658141DB9F /* libPods-WGLUploadProvider.a */,
			);
			name = Frameworks;
			sourceTree = "<group>";
		};
		8B27E434EE282EE3C762D9BC /* Pods */ = {
			isa = PBXGroup;
			children = (
				1FD71F99D1F20066B1E60F8F /* Pods-WGLUploadProvider.debug.xcconfig */,
				8908F34051A321712F09F07B /* Pods-WGLUploadProvider.release.xcconfig */,
			);
			path = Pods;
			sourceTree = "<group>";
		};
/* End PBXGroup section */

/* Begin PBXNativeTarget section */
		091395F8226F3ECE00F52D06 /* WGLUploadProvider */ = {
			isa = PBXNativeTarget;
			buildConfigurationList = 09139602226F3ECE00F52D06 /* Build configuration list for PBXNativeTarget "WGLUploadProvider" */;
			buildPhases = (
				E8F60A3244B904208D21D21C /* [CP] Check Pods Manifest.lock */,
				091395F5226F3ECE00F52D06 /* Sources */,
				091395F6226F3ECE00F52D06 /* Frameworks */,
				091395F7226F3ECE00F52D06 /* CopyFiles */,
			);
			buildRules = (
			);
			dependencies = (
			);
			name = WGLUploadProvider;
			productName = WGLUploadProvider;
			productReference = 091395F9226F3ECE00F52D06 /* libWGLUploadProvider.a */;
			productType = "com.apple.product-type.library.static";
		};
/* End PBXNativeTarget section */

/* Begin PBXProject section */
		091395F1226F3ECE00F52D06 /* Project object */ = {
			isa = PBXProject;
			attributes = {
				LastUpgradeCheck = 1020;
				ORGANIZATIONNAME = WGLKit;
				TargetAttributes = {
					091395F8226F3ECE00F52D06 = {
						CreatedOnToolsVersion = 10.2.1;
					};
				};
			};
			buildConfigurationList = 091395F4226F3ECE00F52D06 /* Build configuration list for PBXProject "WGLUploadProvider" */;
			compatibilityVersion = "Xcode 9.3";
			developmentRegion = en;
			hasScannedForEncodings = 0;
			knownRegions = (
				en,
			);
			mainGroup = 091395F0226F3ECE00F52D06;
			productRefGroup = 091395FA226F3ECE00F52D06 /* Products */;
			projectDirPath = "";
			projectRoot = "";
			targets = (
				091395F8226F3ECE00F52D06 /* WGLUploadProvider */,
			);
		};
/* End PBXProject section */

/* Begin PBXShellScriptBuildPhase section */
		E8F60A3244B904208D21D21C /* [CP] Check Pods Manifest.lock */ = {
			isa = PBXShellScriptBuildPhase;
			buildActionMask = 2147483647;
			files = (
			);
			inputFileListPaths = (
			);
			inputPaths = (
				"${PODS_PODFILE_DIR_PATH}/Podfile.lock",
				"${PODS_ROOT}/Manifest.lock",
			);
			name = "[CP] Check Pods Manifest.lock";
			outputFileListPaths = (
			);
			outputPaths = (
				"$(DERIVED_FILE_DIR)/Pods-WGLUploadProvider-checkManifestLockResult.txt",
			);
			runOnlyForDeploymentPostprocessing = 0;
			shellPath = /bin/sh;
			shellScript = "diff \"${PODS_PODFILE_DIR_PATH}/Podfile.lock\" \"${PODS_ROOT}/Manifest.lock\" > /dev/null\nif [ $? != 0 ] ; then\n    # print error to STDERR\n    echo \"error: The sandbox is not in sync with the Podfile.lock. Run 'pod install' or update your CocoaPods installation.\" >&2\n    exit 1\nfi\n# This output is used by Xcode 'outputs' to avoid re-running this script phase.\necho \"SUCCESS\" > \"${SCRIPT_OUTPUT_FILE_0}\"\n";
			showEnvVarsInLog = 0;
		};
/* End PBXShellScriptBuildPhase section */

/* Begin PBXSourcesBuildPhase section */
		091395F5226F3ECE00F52D06 /* Sources */ = {
			isa = PBXSourcesBuildPhase;
			buildActionMask = 2147483647;
			files = (
				0913961A22706BDB00F52D06 /* WGLUploadUtils.m in Sources */,
				091396102270166200F52D06 /* WGLStreamFragment.m in Sources */,
				091396092270140900F52D06 /* WGLUploader.m in Sources */,
				091395FE226F3ECE00F52D06 /* WGLUploadProvider.m in Sources */,
				0913961E22706EEA00F52D06 /* WGLUploadTask.m in Sources */,
				0913960D2270160B00F52D06 /* WGLFileStreamOperation.m in Sources */,
			);
			runOnlyForDeploymentPostprocessing = 0;
		};
/* End PBXSourcesBuildPhase section */

/* Begin XCBuildConfiguration section */
		09139600226F3ECE00F52D06 /* Debug */ = {
			isa = XCBuildConfiguration;
			buildSettings = {
				ALWAYS_SEARCH_USER_PATHS = NO;
				CLANG_ANALYZER_NONNULL = YES;
				CLANG_ANALYZER_NUMBER_OBJECT_CONVERSION = YES_AGGRESSIVE;
				CLANG_CXX_LANGUAGE_STANDARD = "gnu++14";
				CLANG_CXX_LIBRARY = "libc++";
				CLANG_ENABLE_MODULES = YES;
				CLANG_ENABLE_OBJC_ARC = YES;
				CLANG_ENABLE_OBJC_WEAK = YES;
				CLANG_WARN_BLOCK_CAPTURE_AUTORELEASING = YES;
				CLANG_WARN_BOOL_CONVERSION = YES;
				CLANG_WARN_COMMA = YES;
				CLANG_WARN_CONSTANT_CONVERSION = YES;
				CLANG_WARN_DEPRECATED_OBJC_IMPLEMENTATIONS = YES;
				CLANG_WARN_DIRECT_OBJC_ISA_USAGE = YES_ERROR;
				CLANG_WARN_DOCUMENTATION_COMMENTS = YES;
				CLANG_WARN_EMPTY_BODY = YES;
				CLANG_WARN_ENUM_CONVERSION = YES;
				CLANG_WARN_INFINITE_RECURSION = YES;
				CLANG_WARN_INT_CONVERSION = YES;
				CLANG_WARN_NON_LITERAL_NULL_CONVERSION = YES;
				CLANG_WARN_OBJC_IMPLICIT_RETAIN_SELF = YES;
				CLANG_WARN_OBJC_LITERAL_CONVERSION = YES;
				CLANG_WARN_OBJC_ROOT_CLASS = YES_ERROR;
				CLANG_WARN_RANGE_LOOP_ANALYSIS = YES;
				CLANG_WARN_STRICT_PROTOTYPES = YES;
				CLANG_WARN_SUSPICIOUS_MOVE = YES;
				CLANG_WARN_UNGUARDED_AVAILABILITY = YES_AGGRESSIVE;
				CLANG_WARN_UNREACHABLE_CODE = YES;
				CLANG_WARN__DUPLICATE_METHOD_MATCH = YES;
				CODE_SIGN_IDENTITY = "iPhone Developer";
				COPY_PHASE_STRIP = NO;
				DEBUG_INFORMATION_FORMAT = dwarf;
				ENABLE_STRICT_OBJC_MSGSEND = YES;
				ENABLE_TESTABILITY = YES;
				GCC_C_LANGUAGE_STANDARD = gnu11;
				GCC_DYNAMIC_NO_PIC = NO;
				GCC_NO_COMMON_BLOCKS = YES;
				GCC_OPTIMIZATION_LEVEL = 0;
				GCC_PREPROCESSOR_DEFINITIONS = (
					"DEBUG=1",
					"$(inherited)",
				);
				GCC_WARN_64_TO_32_BIT_CONVERSION = YES;
				GCC_WARN_ABOUT_RETURN_TYPE = YES_ERROR;
				GCC_WARN_UNDECLARED_SELECTOR = YES;
				GCC_WARN_UNINITIALIZED_AUTOS = YES_AGGRESSIVE;
				GCC_WARN_UNUSED_FUNCTION = YES;
				GCC_WARN_UNUSED_VARIABLE = YES;
				IPHONEOS_DEPLOYMENT_TARGET = 12.2;
				MTL_ENABLE_DEBUG_INFO = INCLUDE_SOURCE;
				MTL_FAST_MATH = YES;
				ONLY_ACTIVE_ARCH = YES;
				SDKROOT = iphoneos;
			};
			name = Debug;
		};
		09139601226F3ECE00F52D06 /* Release */ = {
			isa = XCBuildConfiguration;
			buildSettings = {
				ALWAYS_SEARCH_USER_PATHS = NO;
				CLANG_ANALYZER_NONNULL = YES;
				CLANG_ANALYZER_NUMBER_OBJECT_CONVERSION = YES_AGGRESSIVE;
				CLANG_CXX_LANGUAGE_STANDARD = "gnu++14";
				CLANG_CXX_LIBRARY = "libc++";
				CLANG_ENABLE_MODULES = YES;
				CLANG_ENABLE_OBJC_ARC = YES;
				CLANG_ENABLE_OBJC_WEAK = YES;
				CLANG_WARN_BLOCK_CAPTURE_AUTORELEASING = YES;
				CLANG_WARN_BOOL_CONVERSION = YES;
				CLANG_WARN_COMMA = YES;
				CLANG_WARN_CONSTANT_CONVERSION = YES;
				CLANG_WARN_DEPRECATED_OBJC_IMPLEMENTATIONS = YES;
				CLANG_WARN_DIRECT_OBJC_ISA_USAGE = YES_ERROR;
				CLANG_WARN_DOCUMENTATION_COMMENTS = YES;
				CLANG_WARN_EMPTY_BODY = YES;
				CLANG_WARN_ENUM_CONVERSION = YES;
				CLANG_WARN_INFINITE_RECURSION = YES;
				CLANG_WARN_INT_CONVERSION = YES;
				CLANG_WARN_NON_LITERAL_NULL_CONVERSION = YES;
				CLANG_WARN_OBJC_IMPLICIT_RETAIN_SELF = YES;
				CLANG_WARN_OBJC_LITERAL_CONVERSION = YES;
				CLANG_WARN_OBJC_ROOT_CLASS = YES_ERROR;
				CLANG_WARN_RANGE_LOOP_ANALYSIS = YES;
				CLANG_WARN_STRICT_PROTOTYPES = YES;
				CLANG_WARN_SUSPICIOUS_MOVE = YES;
				CLANG_WARN_UNGUARDED_AVAILABILITY = YES_AGGRESSIVE;
				CLANG_WARN_UNREACHABLE_CODE = YES;
				CLANG_WARN__DUPLICATE_METHOD_MATCH = YES;
				CODE_SIGN_IDENTITY = "iPhone Developer";
				COPY_PHASE_STRIP = NO;
				DEBUG_INFORMATION_FORMAT = "dwarf-with-dsym";
				ENABLE_NS_ASSERTIONS = NO;
				ENABLE_STRICT_OBJC_MSGSEND = YES;
				GCC_C_LANGUAGE_STANDARD = gnu11;
				GCC_NO_COMMON_BLOCKS = YES;
				GCC_WARN_64_TO_32_BIT_CONVERSION = YES;
				GCC_WARN_ABOUT_RETURN_TYPE = YES_ERROR;
				GCC_WARN_UNDECLARED_SELECTOR = YES;
				GCC_WARN_UNINITIALIZED_AUTOS = YES_AGGRESSIVE;
				GCC_WARN_UNUSED_FUNCTION = YES;
				GCC_WARN_UNUSED_VARIABLE = YES;
				IPHONEOS_DEPLOYMENT_TARGET = 12.2;
				MTL_ENABLE_DEBUG_INFO = NO;
				MTL_FAST_MATH = YES;
				SDKROOT = iphoneos;
				VALIDATE_PRODUCT = YES;
			};
			name = Release;
		};
		09139603226F3ECE00F52D06 /* Debug */ = {
			isa = XCBuildConfiguration;
			baseConfigurationReference = 1FD71F99D1F20066B1E60F8F /* Pods-WGLUploadProvider.debug.xcconfig */;
			buildSettings = {
				CODE_SIGN_STYLE = Automatic;
				OTHER_LDFLAGS = "-ObjC";
				PRODUCT_NAME = "$(TARGET_NAME)";
				SKIP_INSTALL = YES;
				TARGETED_DEVICE_FAMILY = "1,2";
			};
			name = Debug;
		};
		09139604226F3ECE00F52D06 /* Release */ = {
			isa = XCBuildConfiguration;
			baseConfigurationReference = 8908F34051A321712F09F07B /* Pods-WGLUploadProvider.release.xcconfig */;
			buildSettings = {
				CODE_SIGN_STYLE = Automatic;
				OTHER_LDFLAGS = "-ObjC";
				PRODUCT_NAME = "$(TARGET_NAME)";
				SKIP_INSTALL = YES;
				TARGETED_DEVICE_FAMILY = "1,2";
			};
			name = Release;
		};
/* End XCBuildConfiguration section */

/* Begin XCConfigurationList section */
		091395F4226F3ECE00F52D06 /* Build configuration list for PBXProject "WGLUploadProvider" */ = {
			isa = XCConfigurationList;
			buildConfigurations = (
				09139600226F3ECE00F52D06 /* Debug */,
				09139601226F3ECE00F52D06 /* Release */,
			);
			defaultConfigurationIsVisible = 0;
			defaultConfigurationName = Release;
		};
		09139602226F3ECE00F52D06 /* Build configuration list for PBXNativeTarget "WGLUploadProvider" */ = {
			isa = XCConfigurationList;
			buildConfigurations = (
				09139603226F3ECE00F52D06 /* Debug */,
				09139604226F3ECE00F52D06 /* Release */,
			);
			defaultConfigurationIsVisible = 0;
			defaultConfigurationName = Release;
		};
/* End XCConfigurationList section */
	};
	rootObject = 091395F1226F3ECE00F52D06 /* Project object */;
}
